// !$*UTF8*$!
{
	archiveVersion = 1;
	classes = {
	};
	objectVersion = 46;
	objects = {

/* Begin PBXBuildFile section */
		10DE312C1BA4246700C6EB98 /* main.m in Sources */ = {isa = PBXBuildFile; fileRef = 10DE312B1BA4246700C6EB98 /* main.m */; };
		10DE312F1BA4246700C6EB98 /* AppDelegate.m in Sources */ = {isa = PBXBuildFile; fileRef = 10DE312E1BA4246700C6EB98 /* AppDelegate.m */; };
		10DE31321BA4246700C6EB98 /* ViewController.m in Sources */ = {isa = PBXBuildFile; fileRef = 10DE31311BA4246700C6EB98 /* ViewController.m */; };
		10DE31351BA4246700C6EB98 /* Main.storyboard in Resources */ = {isa = PBXBuildFile; fileRef = 10DE31331BA4246700C6EB98 /* Main.storyboard */; };
		10DE31371BA4246700C6EB98 /* Images.xcassets in Resources */ = {isa = PBXBuildFile; fileRef = 10DE31361BA4246700C6EB98 /* Images.xcassets */; };
		10DE313A1BA4246700C6EB98 /* LaunchScreen.xib in Resources */ = {isa = PBXBuildFile; fileRef = 10DE31381BA4246700C6EB98 /* LaunchScreen.xib */; };
		10DE31551BA4247700C6EB98 /* WeakDictionary.m in Sources */ = {isa = PBXBuildFile; fileRef = 10DE31501BA4247700C6EB98 /* WeakDictionary.m */; };
		10DE31561BA4247700C6EB98 /* WeakSet.m in Sources */ = {isa = PBXBuildFile; fileRef = 10DE31521BA4247700C6EB98 /* WeakSet.m */; };
		10DE31571BA4247700C6EB98 /* WeakArray.m in Sources */ = {isa = PBXBuildFile; fileRef = 10DE31541BA4247700C6EB98 /* WeakArray.m */; };
		10DE315B1BA4248C00C6EB98 /* Model.m in Sources */ = {isa = PBXBuildFile; fileRef = 10DE315A1BA4248C00C6EB98 /* Model.m */; };
/* End PBXBuildFile section */

/* Begin PBXFileReference section */
		10DE31261BA4246700C6EB98 /* WeakList.app */ = {isa = PBXFileReference; explicitFileType = wrapper.application; includeInIndex = 0; path = WeakList.app; sourceTree = BUILT_PRODUCTS_DIR; };
		10DE312A1BA4246700C6EB98 /* Info.plist */ = {isa = PBXFileReference; lastKnownFileType = text.plist.xml; path = Info.plist; sourceTree = "<group>"; };
		10DE312B1BA4246700C6EB98 /* main.m */ = {isa = PBXFileReference; lastKnownFileType = sourcecode.c.objc; path = main.m; sourceTree = "<group>"; };
		10DE312D1BA4246700C6EB98 /* AppDelegate.h */ = {isa = PBXFileReference; lastKnownFileType = sourcecode.c.h; path = AppDelegate.h; sourceTree = "<group>"; };
		10DE312E1BA4246700C6EB98 /* AppDelegate.m */ = {isa = PBXFileReference; lastKnownFileType = sourcecode.c.objc; path = AppDelegate.m; sourceTree = "<group>"; };
		10DE31301BA4246700C6EB98 /* ViewController.h */ = {isa = PBXFileReference; lastKnownFileType = sourcecode.c.h; path = ViewController.h; sourceTree = "<group>"; };
		10DE31311BA4246700C6EB98 /* ViewController.m */ = {isa = PBXFileReference; lastKnownFileType = sourcecode.c.objc; path = ViewController.m; sourceTree = "<group>"; };
		10DE31341BA4246700C6EB98 /* Base */ = {isa = PBXFileReference; lastKnownFileType = file.storyboard; name = Base; path = Base.lproj/Main.storyboard; sourceTree = "<group>"; };
		10DE31361BA4246700C6EB98 /* Images.xcassets */ = {isa = PBXFileReference; lastKnownFileType = folder.assetcatalog; path = Images.xcassets; sourceTree = "<group>"; };
		10DE31391BA4246700C6EB98 /* Base */ = {isa = PBXFileReference; lastKnownFileType = file.xib; name = Base; path = Base.lproj/LaunchScreen.xib; sourceTree = "<group>"; };
		10DE314F1BA4247700C6EB98 /* WeakDictionary.h */ = {isa = PBXFileReference; fileEncoding = 4; lastKnownFileType = sourcecode.c.h; path = WeakDictionary.h; sourceTree = "<group>"; };
		10DE31501BA4247700C6EB98 /* WeakDictionary.m */ = {isa = PBXFileReference; fileEncoding = 4; lastKnownFileType = sourcecode.c.objc; path = WeakDictionary.m; sourceTree = "<group>"; };
		10DE31511BA4247700C6EB98 /* WeakSet.h */ = {isa = PBXFileReference; fileEncoding = 4; lastKnownFileType = sourcecode.c.h; path = WeakSet.h; sourceTree = "<group>"; };
		10DE31521BA4247700C6EB98 /* WeakSet.m */ = {isa = PBXFileReference; fileEncoding = 4; lastKnownFileType = sourcecode.c.objc; path = WeakSet.m; sourceTree = "<group>"; };
		10DE31531BA4247700C6EB98 /* WeakArray.h */ = {isa = PBXFileReference; fileEncoding = 4; lastKnownFileType = sourcecode.c.h; path = WeakArray.h; sourceTree = "<group>"; };
		10DE31541BA4247700C6EB98 /* WeakArray.m */ = {isa = PBXFileReference; fileEncoding = 4; lastKnownFileType = sourcecode.c.objc; path = WeakArray.m; sourceTree = "<group>"; };
		10DE31591BA4248C00C6EB98 /* Model.h */ = {isa = PBXFileReference; fileEncoding = 4; lastKnownFileType = sourcecode.c.h; path = Model.h; sourceTree = "<group>"; };
		10DE315A1BA4248C00C6EB98 /* Model.m */ = {isa = PBXFileReference; fileEncoding = 4; lastKnownFileType = sourcecode.c.objc; path = Model.m; sourceTree = "<group>"; };
/* End PBXFileReference section */

/* Begin PBXFrameworksBuildPhase section */
		10DE31231BA4246700C6EB98 /* Frameworks */ = {
			isa = PBXFrameworksBuildPhase;
			buildActionMask = 2147483647;
			files = (
			);
			runOnlyForDeploymentPostprocessing = 0;
		};
/* End PBXFrameworksBuildPhase section */

/* Begin PBXGroup section */
		10DE311D1BA4246700C6EB98 = {
			isa = PBXGroup;
			children = (
				10DE31281BA4246700C6EB98 /* WeakList */,
				10DE31271BA4246700C6EB98 /* Products */,
			);
			sourceTree = "<group>";
		};
		10DE31271BA4246700C6EB98 /* Products */ = {
			isa = PBXGroup;
			children = (
				10DE31261BA4246700C6EB98 /* WeakList.app */,
			);
			name = Products;
			sourceTree = "<group>";
		};
		10DE31281BA4246700C6EB98 /* WeakList */ = {
			isa = PBXGroup;
			children = (
				10DE312D1BA4246700C6EB98 /* AppDelegate.h */,
				10DE312E1BA4246700C6EB98 /* AppDelegate.m */,
				10DE31301BA4246700C6EB98 /* ViewController.h */,
				10DE31311BA4246700C6EB98 /* ViewController.m */,
				10DE31591BA4248C00C6EB98 /* Model.h */,
				10DE315A1BA4248C00C6EB98 /* Model.m */,
				10DE31581BA4247A00C6EB98 /* WeakList */,
				10DE31331BA4246700C6EB98 /* Main.storyboard */,
				10DE31361BA4246700C6EB98 /* Images.xcassets */,
				10DE31381BA4246700C6EB98 /* LaunchScreen.xib */,
				10DE31291BA4246700C6EB98 /* Supporting Files */,
			);
			path = WeakList;
			sourceTree = "<group>";
		};
		10DE31291BA4246700C6EB98 /* Supporting Files */ = {
			isa = PBXGroup;
			children = (
				10DE312A1BA4246700C6EB98 /* Info.plist */,
				10DE312B1BA4246700C6EB98 /* main.m */,
			);
			name = "Supporting Files";
			sourceTree = "<group>";
		};
		10DE31581BA4247A00C6EB98 /* WeakList */ = {
			isa = PBXGroup;
			children = (
				10DE314F1BA4247700C6EB98 /* WeakDictionary.h */,
				10DE31501BA4247700C6EB98 /* WeakDictionary.m */,
				10DE31511BA4247700C6EB98 /* WeakSet.h */,
				10DE31521BA4247700C6EB98 /* WeakSet.m */,
				10DE31531BA4247700C6EB98 /* WeakArray.h */,
				10DE31541BA4247700C6EB98 /* WeakArray.m */,
			);
			name = WeakList;
			sourceTree = "<group>";
		};
/* End PBXGroup section */

/* Begin PBXNativeTarget section */
		10DE31251BA4246700C6EB98 /* WeakList */ = {
			isa = PBXNativeTarget;
			buildConfigurationList = 10DE31491BA4246700C6EB98 /* Build configuration list for PBXNativeTarget "WeakList" */;
			buildPhases = (
				10DE31221BA4246700C6EB98 /* Sources */,
				10DE31231BA4246700C6EB98 /* Frameworks */,
				10DE31241BA4246700C6EB98 /* Resources */,
			);
			buildRules = (
			);
			dependencies = (
			);
			name = WeakList;
			productName = WeakList;
			productReference = 10DE31261BA4246700C6EB98 /* WeakList.app */;
			productType = "com.apple.product-type.application";
		};
/* End PBXNativeTarget section */

/* Begin PBXProject section */
		10DE311E1BA4246700C6EB98 /* Project object */ = {
			isa = PBXProject;
			attributes = {
				LastUpgradeCheck = 0720;
				ORGANIZATIONNAME = YouXianMing;
				TargetAttributes = {
					10DE31251BA4246700C6EB98 = {
						CreatedOnToolsVersion = 6.4;
					};
				};
			};
			buildConfigurationList = 10DE31211BA4246700C6EB98 /* Build configuration list for PBXProject "WeakList" */;
			compatibilityVersion = "Xcode 3.2";
			developmentRegion = English;
			hasScannedForEncodings = 0;
			knownRegions = (
				en,
				Base,
			);
			mainGroup = 10DE311D1BA4246700C6EB98;
			productRefGroup = 10DE31271BA4246700C6EB98 /* Products */;
			projectDirPath = "";
			projectRoot = "";
			targets = (
				10DE31251BA4246700C6EB98 /* WeakList */,
			);
		};
/* End PBXProject section */

/* Begin PBXResourcesBuildPhase section */
		10DE31241BA4246700C6EB98 /* Resources */ = {
			isa = PBXResourcesBuildPhase;
			buildActionMask = 2147483647;
			files = (
				10DE31351BA4246700C6EB98 /* Main.storyboard in Resources */,
				10DE313A1BA4246700C6EB98 /* LaunchScreen.xib in Resources */,
				10DE31371BA4246700C6EB98 /* Images.xcassets in Resources */,
			);
			runOnlyForDeploymentPostprocessing = 0;
		};
/* End PBXResourcesBuildPhase section */

/* Begin PBXSourcesBuildPhase section */
		10DE31221BA4246700C6EB98 /* Sources */ = {
			isa = PBXSourcesBuildPhase;
			buildActionMask = 2147483647;
			files = (
				10DE31561BA4247700C6EB98 /* WeakSet.m in Sources */,
				10DE31321BA4246700C6EB98 /* ViewController.m in Sources */,
				10DE31551BA4247700C6EB98 /* WeakDictionary.m in Sources */,
				10DE31571BA4247700C6EB98 /* WeakArray.m in Sources */,
				10DE315B1BA4248C00C6EB98 /* Model.m in Sources */,
				10DE312F1BA4246700C6EB98 /* AppDelegate.m in Sources */,
				10DE312C1BA4246700C6EB98 /* main.m in Sources */,
			);
			runOnlyForDeploymentPostprocessing = 0;
		};
/* End PBXSourcesBuildPhase section */

/* Begin PBXVariantGroup section */
		10DE31331BA4246700C6EB98 /* Main.storyboard */ = {
			isa = PBXVariantGroup;
			children = (
				10DE31341BA4246700C6EB98 /* Base */,
			);
			name = Main.storyboard;
			sourceTree = "<group>";
		};
		10DE31381BA4246700C6EB98 /* LaunchScreen.xib */ = {
			isa = PBXVariantGroup;
			children = (
				10DE31391BA4246700C6EB98 /* Base */,
			);
			name = LaunchScreen.xib;
			sourceTree = "<group>";
		};
/* End PBXVariantGroup section */

/* Begin XCBuildConfiguration section */
		10DE31471BA4246700C6EB98 /* Debug */ = {
			isa = XCBuildConfiguration;
			buildSettings = {
				ALWAYS_SEARCH_USER_PATHS = NO;
				CLANG_CXX_LANGUAGE_STANDARD = "gnu++0x";
				CLANG_CXX_LIBRARY = "libc++";
				CLANG_ENABLE_MODULES = YES;
				CLANG_ENABLE_OBJC_ARC = YES;
				CLANG_WARN_BOOL_CONVERSION = YES;
				CLANG_WARN_CONSTANT_CONVERSION = YES;
				CLANG_WARN_DIRECT_OBJC_ISA_USAGE = YES_ERROR;
				CLANG_WARN_EMPTY_BODY = YES;
				CLANG_WARN_ENUM_CONVERSION = YES;
				CLANG_WARN_INT_CONVERSION = YES;
				CLANG_WARN_OBJC_ROOT_CLASS = YES_ERROR;
				CLANG_WARN_UNREACHABLE_CODE = YES;
				CLANG_WARN__DUPLICATE_METHOD_MATCH = YES;
				"CODE_SIGN_IDENTITY[sdk=iphoneos*]" = "iPhone Developer";
				COPY_PHASE_STRIP = NO;
				DEBUG_INFORMATION_FORMAT = "dwarf-with-dsym";
				ENABLE_STRICT_OBJC_MSGSEND = YES;
				ENABLE_TESTABILITY = YES;
				GCC_C_LANGUAGE_STANDARD = gnu99;
				GCC_DYNAMIC_NO_PIC = NO;
				GCC_NO_COMMON_BLOCKS = YES;
				GCC_OPTIMIZATION_LEVEL = 0;
				GCC_PREPROCESSOR_DEFINITIONS = (
					"DEBUG=1",
					"$(inherited)",
				);
				GCC_SYMBOLS_PRIVATE_EXTERN = NO;
				GCC_WARN_64_TO_32_BIT_CONVERSION = YES;
				GCC_WARN_ABOUT_RETURN_TYPE = YES_ERROR;
				GCC_WARN_UNDECLARED_SELECTOR = YES;
				GCC_WARN_UNINITIALIZED_AUTOS = YES_AGGRESSIVE;
				GCC_WARN_UNUSED_FUNCTION = YES;
				GCC_WARN_UNUSED_VARIABLE = YES;
				IPHONEOS_DEPLOYMENT_TARGET = 8.4;
				MTL_ENABLE_DEBUG_INFO = YES;
				ONLY_ACTIVE_ARCH = YES;
				SDKROOT = iphoneos;
				TARGETED_DEVICE_FAMILY = "1,2";
			};
			name = Debug;
		};
		10DE31481BA4246700C6EB98 /* Release */ = {
			isa = XCBuildConfiguration;
			buildSettings = {
				ALWAYS_SEARCH_USER_PATHS = NO;
				CLANG_CXX_LANGUAGE_STANDARD = "gnu++0x";
				CLANG_CXX_LIBRARY = "libc++";
				CLANG_ENABLE_MODULES = YES;
				CLANG_ENABLE_OBJC_ARC = YES;
				CLANG_WARN_BOOL_CONVERSION = YES;
				CLANG_WARN_CONSTANT_CONVERSION = YES;
				CLANG_WARN_DIRECT_OBJC_ISA_USAGE = YES_ERROR;
				CLANG_WARN_EMPTY_BODY = YES;
				CLANG_WARN_ENUM_CONVERSION = YES;
				CLANG_WARN_INT_CONVERSION = YES;
				CLANG_WARN_OBJC_ROOT_CLASS = YES_ERROR;
				CLANG_WARN_UNREACHABLE_CODE = YES;
				CLANG_WARN__DUPLICATE_METHOD_MATCH = YES;
				"CODE_SIGN_IDENTITY[sdk=iphoneos*]" = "iPhone Developer";
				COPY_PHASE_STRIP = NO;
				DEBUG_INFORMATION_FORMAT = "dwarf-with-dsym";
				ENABLE_NS_ASSERTIONS = NO;
				ENABLE_STRICT_OBJC_MSGSEND = YES;
				GCC_C_LANGUAGE_STANDARD = gnu99;
				GCC_NO_COMMON_BLOCKS = YES;
				GCC_WARN_64_TO_32_BIT_CONVERSION = YES;
				GCC_WARN_ABOUT_RETURN_TYPE = YES_ERROR;
				GCC_WARN_UNDECLARED_SELECTOR = YES;
				GCC_WARN_UNINITIALIZED_AUTOS = YES_AGGRESSIVE;
				GCC_WARN_UNUSED_FUNCTION = YES;
				GCC_WARN_UNUSED_VARIABLE = YES;
				IPHONEOS_DEPLOYMENT_TARGET = 8.4;
				MTL_ENABLE_DEBUG_INFO = NO;
				SDKROOT = iphoneos;
				TARGETED_DEVICE_FAMILY = "1,2";
				VALIDATE_PRODUCT = YES;
			};
			name = Release;
		};
		10DE314A1BA4246700C6EB98 /* Debug */ = {
			isa = XCBuildConfiguration;
			buildSettings = {
				ASSETCATALOG_COMPILER_APPICON_NAME = AppIcon;
				INFOPLIST_FILE = WeakList/Info.plist;
				LD_RUNPATH_SEARCH_PATHS = "$(inherited) @executable_path/Frameworks";
				PRODUCT_BUNDLE_IDENTIFIER = "com.YouXianMing.$(PRODUCT_NAME:rfc1034identifier)";
				PRODUCT_NAME = "$(TARGET_NAME)";
			};
			name = Debug;
		};
		10DE314B1BA4246700C6EB98 /* Release */ = {
			isa = XCBuildConfiguration;
			buildSettings = {
				ASSETCATALOG_COMPILER_APPICON_NAME = AppIcon;
				INFOPLIST_FILE = WeakList/Info.plist;
				LD_RUNPATH_SEARCH_PATHS = "$(inherited) @executable_path/Frameworks";
				PRODUCT_BUNDLE_IDENTIFIER = "com.YouXianMing.$(PRODUCT_NAME:rfc1034identifier)";
				PRODUCT_NAME = "$(TARGET_NAME)";
			};
			name = Release;
		};
/* End XCBuildConfiguration section */

/* Begin XCConfigurationList section */
		10DE31211BA4246700C6EB98 /* Build configuration list for PBXProject "WeakList" */ = {
			isa = XCConfigurationList;
			buildConfigurations = (
				10DE31471BA4246700C6EB98 /* Debug */,
				10DE31481BA4246700C6EB98 /* Release */,
			);
			defaultConfigurationIsVisible = 0;
			defaultConfigurationName = Release;
		};
		10DE31491BA4246700C6EB98 /* Build configuration list for PBXNativeTarget "WeakList" */ = {
			isa = XCConfigurationList;
			buildConfigurations = (
				10DE314A1BA4246700C6EB98 /* Debug */,
				10DE314B1BA4246700C6EB98 /* Release */,
			);
			defaultConfigurationIsVisible = 0;
			defaultConfigurationName = Release;
		};
/* End XCConfigurationList section */
	};
	rootObject = 10DE311E1BA4246700C6EB98 /* Project object */;
}
